// !$*UTF8*$!
{
	archiveVersion = 1;
	classes = {
	};
	objectVersion = 56;
	objects = {

/* Begin PBXBuildFile section */
		39D193862A210A72005A6B55 /* pushCloudApp.swift in Sources */ = {isa = PBXBuildFile; fileRef = 39D193852A210A72005A6B55 /* pushCloudApp.swift */; };
		39D193882A210A72005A6B55 /* ContentView.swift in Sources */ = {isa = PBXBuildFile; fileRef = 39D193872A210A72005A6B55 /* ContentView.swift */; };
		39D1938A2A210A73005A6B55 /* Assets.xcassets in Resources */ = {isa = PBXBuildFile; fileRef = 39D193892A210A73005A6B55 /* Assets.xcassets */; };
		39D1938E2A210A73005A6B55 /* Preview Assets.xcassets in Resources */ = {isa = PBXBuildFile; fileRef = 39D1938D2A210A73005A6B55 /* Preview Assets.xcassets */; };
		39D193992A210D51005A6B55 /* FirebaseAnalytics in Frameworks */ = {isa = PBXBuildFile; productRef = 39D193982A210D51005A6B55 /* FirebaseAnalytics */; };
		39D1939B2A210D51005A6B55 /* FirebaseAuth in Frameworks */ = {isa = PBXBuildFile; productRef = 39D1939A2A210D51005A6B55 /* FirebaseAuth */; };
		39D1939D2A210D51005A6B55 /* FirebaseDatabase in Frameworks */ = {isa = PBXBuildFile; productRef = 39D1939C2A210D51005A6B55 /* FirebaseDatabase */; };
		39D1939F2A210D51005A6B55 /* FirebaseFirestore in Frameworks */ = {isa = PBXBuildFile; productRef = 39D1939E2A210D51005A6B55 /* FirebaseFirestore */; };
		39D193A12A210D51005A6B55 /* FirebaseFirestoreSwift in Frameworks */ = {isa = PBXBuildFile; productRef = 39D193A02A210D51005A6B55 /* FirebaseFirestoreSwift */; };
		39D193A32A210D51005A6B55 /* FirebaseFunctions in Frameworks */ = {isa = PBXBuildFile; productRef = 39D193A22A210D51005A6B55 /* FirebaseFunctions */; };
		39D193A52A210D51005A6B55 /* FirebaseMessaging in Frameworks */ = {isa = PBXBuildFile; productRef = 39D193A42A210D51005A6B55 /* FirebaseMessaging */; };
		39D193A82A211140005A6B55 /* GoogleService-Info.plist in Resources */ = {isa = PBXBuildFile; fileRef = 39D193A72A211140005A6B55 /* GoogleService-Info.plist */; };
/* End PBXBuildFile section */

/* Begin PBXFileReference section */
		39D193822A210A72005A6B55 /* pushCloud.app */ = {isa = PBXFileReference; explicitFileType = wrapper.application; includeInIndex = 0; path = pushCloud.app; sourceTree = BUILT_PRODUCTS_DIR; };
		39D193852A210A72005A6B55 /* pushCloudApp.swift */ = {isa = PBXFileReference; lastKnownFileType = sourcecode.swift; path = pushCloudApp.swift; sourceTree = "<group>"; };
		39D193872A210A72005A6B55 /* ContentView.swift */ = {isa = PBXFileReference; lastKnownFileType = sourcecode.swift; path = ContentView.swift; sourceTree = "<group>"; };
		39D193892A210A73005A6B55 /* Assets.xcassets */ = {isa = PBXFileReference; lastKnownFileType = folder.assetcatalog; path = Assets.xcassets; sourceTree = "<group>"; };
		39D1938B2A210A73005A6B55 /* pushCloud.entitlements */ = {isa = PBXFileReference; lastKnownFileType = text.plist.entitlements; path = pushCloud.entitlements; sourceTree = "<group>"; };
		39D1938D2A210A73005A6B55 /* Preview Assets.xcassets */ = {isa = PBXFileReference; lastKnownFileType = folder.assetcatalog; path = "Preview Assets.xcassets"; sourceTree = "<group>"; };
		39D193A62A210D89005A6B55 /* Info.plist */ = {isa = PBXFileReference; lastKnownFileType = text.plist; path = Info.plist; sourceTree = "<group>"; };
		39D193A72A211140005A6B55 /* GoogleService-Info.plist */ = {isa = PBXFileReference; lastKnownFileType = text.plist; path = "GoogleService-Info.plist"; sourceTree = SOURCE_ROOT; };
/* End PBXFileReference section */

/* Begin PBXFrameworksBuildPhase section */
		39D1937F2A210A72005A6B55 /* Frameworks */ = {
			isa = PBXFrameworksBuildPhase;
			buildActionMask = 2147483647;
			files = (
				39D193A12A210D51005A6B55 /* FirebaseFirestoreSwift in Frameworks */,
				39D1939D2A210D51005A6B55 /* FirebaseDatabase in Frameworks */,
				39D193A52A210D51005A6B55 /* FirebaseMessaging in Frameworks */,
				39D1939F2A210D51005A6B55 /* FirebaseFirestore in Frameworks */,
				39D193A32A210D51005A6B55 /* FirebaseFunctions in Frameworks */,
				39D193992A210D51005A6B55 /* FirebaseAnalytics in Frameworks */,
				39D1939B2A210D51005A6B55 /* FirebaseAuth in Frameworks */,
			);
			runOnlyForDeploymentPostprocessing = 0;
		};
/* End PBXFrameworksBuildPhase section */

/* Begin PBXGroup section */
		39D193792A210A72005A6B55 = {
			isa = PBXGroup;
			children = (
				39D193842A210A72005A6B55 /* pushCloud */,
				39D193832A210A72005A6B55 /* Products */,
			);
			sourceTree = "<group>";
		};
		39D193832A210A72005A6B55 /* Products */ = {
			isa = PBXGroup;
			children = (
				39D193822A210A72005A6B55 /* pushCloud.app */,
			);
			name = Products;
			sourceTree = "<group>";
		};
		39D193842A210A72005A6B55 /* pushCloud */ = {
			isa = PBXGroup;
			children = (
				39D193A62A210D89005A6B55 /* Info.plist */,
				39D1938B2A210A73005A6B55 /* pushCloud.entitlements */,
				39D193852A210A72005A6B55 /* pushCloudApp.swift */,
				39D193872A210A72005A6B55 /* ContentView.swift */,
				39D193942A210B47005A6B55 /* CRAP */,
				39D1938C2A210A73005A6B55 /* Preview Content */,
			);
			path = pushCloud;
			sourceTree = "<group>";
		};
		39D1938C2A210A73005A6B55 /* Preview Content */ = {
			isa = PBXGroup;
			children = (
				39D1938D2A210A73005A6B55 /* Preview Assets.xcassets */,
			);
			path = "Preview Content";
			sourceTree = "<group>";
		};
		39D193942A210B47005A6B55 /* CRAP */ = {
			isa = PBXGroup;
			children = (
				39D193A72A211140005A6B55 /* GoogleService-Info.plist */,
				39D193892A210A73005A6B55 /* Assets.xcassets */,
			);
			path = CRAP;
			sourceTree = "<group>";
		};
/* End PBXGroup section */

/* Begin PBXNativeTarget section */
		39D193812A210A72005A6B55 /* pushCloud */ = {
			isa = PBXNativeTarget;
			buildConfigurationList = 39D193912A210A73005A6B55 /* Build configuration list for PBXNativeTarget "pushCloud" */;
			buildPhases = (
				39D1937E2A210A72005A6B55 /* Sources */,
				39D1937F2A210A72005A6B55 /* Frameworks */,
				39D193802A210A72005A6B55 /* Resources */,
			);
			buildRules = (
			);
			dependencies = (
			);
			name = pushCloud;
			packageProductDependencies = (
				39D193982A210D51005A6B55 /* FirebaseAnalytics */,
				39D1939A2A210D51005A6B55 /* FirebaseAuth */,
				39D1939C2A210D51005A6B55 /* FirebaseDatabase */,
				39D1939E2A210D51005A6B55 /* FirebaseFirestore */,
				39D193A02A210D51005A6B55 /* FirebaseFirestoreSwift */,
				39D193A22A210D51005A6B55 /* FirebaseFunctions */,
				39D193A42A210D51005A6B55 /* FirebaseMessaging */,
			);
			productName = pushCloud;
			productReference = 39D193822A210A72005A6B55 /* pushCloud.app */;
			productType = "com.apple.product-type.application";
		};
/* End PBXNativeTarget section */

/* Begin PBXProject section */
		39D1937A2A210A72005A6B55 /* Project object */ = {
			isa = PBXProject;
			attributes = {
				BuildIndependentTargetsInParallel = 1;
				LastSwiftUpdateCheck = 1430;
				LastUpgradeCheck = 1430;
				TargetAttributes = {
					39D193812A210A72005A6B55 = {
						CreatedOnToolsVersion = 14.3;
					};
				};
			};
			buildConfigurationList = 39D1937D2A210A72005A6B55 /* Build configuration list for PBXProject "pushCloud" */;
			compatibilityVersion = "Xcode 14.0";
			developmentRegion = en;
			hasScannedForEncodings = 0;
			knownRegions = (
				en,
				Base,
			);
			mainGroup = 39D193792A210A72005A6B55;
			packageReferences = (
				39D193972A210D51005A6B55 /* XCRemoteSwiftPackageReference "firebase-ios-sdk" */,
			);
			productRefGroup = 39D193832A210A72005A6B55 /* Products */;
			projectDirPath = "";
			projectRoot = "";
			targets = (
				39D193812A210A72005A6B55 /* pushCloud */,
			);
		};
/* End PBXProject section */

/* Begin PBXResourcesBuildPhase section */
		39D193802A210A72005A6B55 /* Resources */ = {
			isa = PBXResourcesBuildPhase;
			buildActionMask = 2147483647;
			files = (
				39D1938E2A210A73005A6B55 /* Preview Assets.xcassets in Resources */,
				39D1938A2A210A73005A6B55 /* Assets.xcassets in Resources */,
				39D193A82A211140005A6B55 /* GoogleService-Info.plist in Resources */,
			);
			runOnlyForDeploymentPostprocessing = 0;
		};
/* End PBXResourcesBuildPhase section */

/* Begin PBXSourcesBuildPhase section */
		39D1937E2A210A72005A6B55 /* Sources */ = {
			isa = PBXSourcesBuildPhase;
			buildActionMask = 2147483647;
			files = (
				39D193882A210A72005A6B55 /* ContentView.swift in Sources */,
				39D193862A210A72005A6B55 /* pushCloudApp.swift in Sources */,
			);
			runOnlyForDeploymentPostprocessing = 0;
		};
/* End PBXSourcesBuildPhase section */

/* Begin XCBuildConfiguration section */
		39D1938F2A210A73005A6B55 /* Debug */ = {
			isa = XCBuildConfiguration;
			buildSettings = {
				ALWAYS_SEARCH_USER_PATHS = NO;
				CLANG_ANALYZER_NONNULL = YES;
				CLANG_ANALYZER_NUMBER_OBJECT_CONVERSION = YES_AGGRESSIVE;
				CLANG_CXX_LANGUAGE_STANDARD = "gnu++20";
				CLANG_ENABLE_MODULES = YES;
				CLANG_ENABLE_OBJC_ARC = YES;
				CLANG_ENABLE_OBJC_WEAK = YES;
				CLANG_WARN_BLOCK_CAPTURE_AUTORELEASING = YES;
				CLANG_WARN_BOOL_CONVERSION = YES;
				CLANG_WARN_COMMA = YES;
				CLANG_WARN_CONSTANT_CONVERSION = YES;
				CLANG_WARN_DEPRECATED_OBJC_IMPLEMENTATIONS = YES;
				CLANG_WARN_DIRECT_OBJC_ISA_USAGE = YES_ERROR;
				CLANG_WARN_DOCUMENTATION_COMMENTS = YES;
				CLANG_WARN_EMPTY_BODY = YES;
				CLANG_WARN_ENUM_CONVERSION = YES;
				CLANG_WARN_INFINITE_RECURSION = YES;
				CLANG_WARN_INT_CONVERSION = YES;
				CLANG_WARN_NON_LITERAL_NULL_CONVERSION = YES;
				CLANG_WARN_OBJC_IMPLICIT_RETAIN_SELF = YES;
				CLANG_WARN_OBJC_LITERAL_CONVERSION = YES;
				CLANG_WARN_OBJC_ROOT_CLASS = YES_ERROR;
				CLANG_WARN_QUOTED_INCLUDE_IN_FRAMEWORK_HEADER = YES;
				CLANG_WARN_RANGE_LOOP_ANALYSIS = YES;
				CLANG_WARN_STRICT_PROTOTYPES = YES;
				CLANG_WARN_SUSPICIOUS_MOVE = YES;
				CLANG_WARN_UNGUARDED_AVAILABILITY = YES_AGGRESSIVE;
				CLANG_WARN_UNREACHABLE_CODE = YES;
				CLANG_WARN__DUPLICATE_METHOD_MATCH = YES;
				COPY_PHASE_STRIP = NO;
				DEBUG_INFORMATION_FORMAT = dwarf;
				ENABLE_STRICT_OBJC_MSGSEND = YES;
				ENABLE_TESTABILITY = YES;
				GCC_C_LANGUAGE_STANDARD = gnu11;
				GCC_DYNAMIC_NO_PIC = NO;
				GCC_NO_COMMON_BLOCKS = YES;
				GCC_OPTIMIZATION_LEVEL = 0;
				GCC_PREPROCESSOR_DEFINITIONS = (
					"DEBUG=1",
					"$(inherited)",
				);
				GCC_WARN_64_TO_32_BIT_CONVERSION = YES;
				GCC_WARN_ABOUT_RETURN_TYPE = YES_ERROR;
				GCC_WARN_UNDECLARED_SELECTOR = YES;
				GCC_WARN_UNINITIALIZED_AUTOS = YES_AGGRESSIVE;
				GCC_WARN_UNUSED_FUNCTION = YES;
				GCC_WARN_UNUSED_VARIABLE = YES;
				MTL_ENABLE_DEBUG_INFO = INCLUDE_SOURCE;
				MTL_FAST_MATH = YES;
				ONLY_ACTIVE_ARCH = YES;
				SWIFT_ACTIVE_COMPILATION_CONDITIONS = DEBUG;
				SWIFT_OPTIMIZATION_LEVEL = "-Onone";
			};
			name = Debug;
		};
		39D193902A210A73005A6B55 /* Release */ = {
			isa = XCBuildConfiguration;
			buildSettings = {
				ALWAYS_SEARCH_USER_PATHS = NO;
				CLANG_ANALYZER_NONNULL = YES;
				CLANG_ANALYZER_NUMBER_OBJECT_CONVERSION = YES_AGGRESSIVE;
				CLANG_CXX_LANGUAGE_STANDARD = "gnu++20";
				CLANG_ENABLE_MODULES = YES;
				CLANG_ENABLE_OBJC_ARC = YES;
				CLANG_ENABLE_OBJC_WEAK = YES;
				CLANG_WARN_BLOCK_CAPTURE_AUTORELEASING = YES;
				CLANG_WARN_BOOL_CONVERSION = YES;
				CLANG_WARN_COMMA = YES;
				CLANG_WARN_CONSTANT_CONVERSION = YES;
				CLANG_WARN_DEPRECATED_OBJC_IMPLEMENTATIONS = YES;
				CLANG_WARN_DIRECT_OBJC_ISA_USAGE = YES_ERROR;
				CLANG_WARN_DOCUMENTATION_COMMENTS = YES;
				CLANG_WARN_EMPTY_BODY = YES;
				CLANG_WARN_ENUM_CONVERSION = YES;
				CLANG_WARN_INFINITE_RECURSION = YES;
				CLANG_WARN_INT_CONVERSION = YES;
				CLANG_WARN_NON_LITERAL_NULL_CONVERSION = YES;
				CLANG_WARN_OBJC_IMPLICIT_RETAIN_SELF = YES;
				CLANG_WARN_OBJC_LITERAL_CONVERSION = YES;
				CLANG_WARN_OBJC_ROOT_CLASS = YES_ERROR;
				CLANG_WARN_QUOTED_INCLUDE_IN_FRAMEWORK_HEADER = YES;
				CLANG_WARN_RANGE_LOOP_ANALYSIS = YES;
				CLANG_WARN_STRICT_PROTOTYPES = YES;
				CLANG_WARN_SUSPICIOUS_MOVE = YES;
				CLANG_WARN_UNGUARDED_AVAILABILITY = YES_AGGRESSIVE;
				CLANG_WARN_UNREACHABLE_CODE = YES;
				CLANG_WARN__DUPLICATE_METHOD_MATCH = YES;
				COPY_PHASE_STRIP = NO;
				DEBUG_INFORMATION_FORMAT = "dwarf-with-dsym";
				ENABLE_NS_ASSERTIONS = NO;
				ENABLE_STRICT_OBJC_MSGSEND = YES;
				GCC_C_LANGUAGE_STANDARD = gnu11;
				GCC_NO_COMMON_BLOCKS = YES;
				GCC_WARN_64_TO_32_BIT_CONVERSION = YES;
				GCC_WARN_ABOUT_RETURN_TYPE = YES_ERROR;
				GCC_WARN_UNDECLARED_SELECTOR = YES;
				GCC_WARN_UNINITIALIZED_AUTOS = YES_AGGRESSIVE;
				GCC_WARN_UNUSED_FUNCTION = YES;
				GCC_WARN_UNUSED_VARIABLE = YES;
				MTL_ENABLE_DEBUG_INFO = NO;
				MTL_FAST_MATH = YES;
				SWIFT_COMPILATION_MODE = wholemodule;
				SWIFT_OPTIMIZATION_LEVEL = "-O";
			};
			name = Release;
		};
		39D193922A210A73005A6B55 /* Debug */ = {
			isa = XCBuildConfiguration;
			buildSettings = {
				ASSETCATALOG_COMPILER_APPICON_NAME = AppIcon;
				ASSETCATALOG_COMPILER_GLOBAL_ACCENT_COLOR_NAME = AccentColor;
				CODE_SIGN_ENTITLEMENTS = pushCloud/pushCloud.entitlements;
				CODE_SIGN_STYLE = Automatic;
				CURRENT_PROJECT_VERSION = 1;
				DEVELOPMENT_ASSET_PATHS = "\"pushCloud/Preview Content\"";
				DEVELOPMENT_TEAM = 9U8MS35934;
				ENABLE_HARDENED_RUNTIME = YES;
				ENABLE_PREVIEWS = YES;
				GENERATE_INFOPLIST_FILE = YES;
				INFOPLIST_FILE = pushCloud/Info.plist;
				"INFOPLIST_KEY_UIApplicationSceneManifest_Generation[sdk=iphoneos*]" = YES;
				"INFOPLIST_KEY_UIApplicationSceneManifest_Generation[sdk=iphonesimulator*]" = YES;
				"INFOPLIST_KEY_UIApplicationSupportsIndirectInputEvents[sdk=iphoneos*]" = YES;
				"INFOPLIST_KEY_UIApplicationSupportsIndirectInputEvents[sdk=iphonesimulator*]" = YES;
				"INFOPLIST_KEY_UILaunchScreen_Generation[sdk=iphoneos*]" = YES;
				"INFOPLIST_KEY_UILaunchScreen_Generation[sdk=iphonesimulator*]" = YES;
				"INFOPLIST_KEY_UIStatusBarStyle[sdk=iphoneos*]" = UIStatusBarStyleDefault;
				"INFOPLIST_KEY_UIStatusBarStyle[sdk=iphonesimulator*]" = UIStatusBarStyleDefault;
				INFOPLIST_KEY_UISupportedInterfaceOrientations_iPad = "UIInterfaceOrientationPortrait UIInterfaceOrientationPortraitUpsideDown UIInterfaceOrientationLandscapeLeft UIInterfaceOrientationLandscapeRight";
				INFOPLIST_KEY_UISupportedInterfaceOrientations_iPhone = "UIInterfaceOrientationPortrait UIInterfaceOrientationLandscapeLeft UIInterfaceOrientationLandscapeRight";
				IPHONEOS_DEPLOYMENT_TARGET = 16.4;
				LD_RUNPATH_SEARCH_PATHS = "@executable_path/Frameworks";
				"LD_RUNPATH_SEARCH_PATHS[sdk=macosx*]" = "@executable_path/../Frameworks";
				MACOSX_DEPLOYMENT_TARGET = 13.3;
				MARKETING_VERSION = 1.0;
				PRODUCT_BUNDLE_IDENTIFIER = com.nan.pushCloud;
				PRODUCT_NAME = "$(TARGET_NAME)";
				SDKROOT = auto;
				SUPPORTED_PLATFORMS = "iphoneos iphonesimulator macosx";
				SWIFT_EMIT_LOC_STRINGS = YES;
				SWIFT_VERSION = 5.0;
				TARGETED_DEVICE_FAMILY = "1,2";
			};
			name = Debug;
		};
		39D193932A210A73005A6B55 /* Release */ = {
			isa = XCBuildConfiguration;
			buildSettings = {
				ASSETCATALOG_COMPILER_APPICON_NAME = AppIcon;
				ASSETCATALOG_COMPILER_GLOBAL_ACCENT_COLOR_NAME = AccentColor;
				CODE_SIGN_ENTITLEMENTS = pushCloud/pushCloud.entitlements;
				CODE_SIGN_STYLE = Automatic;
				CURRENT_PROJECT_VERSION = 1;
				DEVELOPMENT_ASSET_PATHS = "\"pushCloud/Preview Content\"";
				DEVELOPMENT_TEAM = 9U8MS35934;
				ENABLE_HARDENED_RUNTIME = YES;
				ENABLE_PREVIEWS = YES;
				GENERATE_INFOPLIST_FILE = YES;
				INFOPLIST_FILE = pushCloud/Info.plist;
				"INFOPLIST_KEY_UIApplicationSceneManifest_Generation[sdk=iphoneos*]" = YES;
				"INFOPLIST_KEY_UIApplicationSceneManifest_Generation[sdk=iphonesimulator*]" = YES;
				"INFOPLIST_KEY_UIApplicationSupportsIndirectInputEvents[sdk=iphoneos*]" = YES;
				"INFOPLIST_KEY_UIApplicationSupportsIndirectInputEvents[sdk=iphonesimulator*]" = YES;
				"INFOPLIST_KEY_UILaunchScreen_Generation[sdk=iphoneos*]" = YES;
				"INFOPLIST_KEY_UILaunchScreen_Generation[sdk=iphonesimulator*]" = YES;
				"INFOPLIST_KEY_UIStatusBarStyle[sdk=iphoneos*]" = UIStatusBarStyleDefault;
				"INFOPLIST_KEY_UIStatusBarStyle[sdk=iphonesimulator*]" = UIStatusBarStyleDefault;
				INFOPLIST_KEY_UISupportedInterfaceOrientations_iPad = "UIInterfaceOrientationPortrait UIInterfaceOrientationPortraitUpsideDown UIInterfaceOrientationLandscapeLeft UIInterfaceOrientationLandscapeRight";
				INFOPLIST_KEY_UISupportedInterfaceOrientations_iPhone = "UIInterfaceOrientationPortrait UIInterfaceOrientationLandscapeLeft UIInterfaceOrientationLandscapeRight";
				IPHONEOS_DEPLOYMENT_TARGET = 16.4;
				LD_RUNPATH_SEARCH_PATHS = "@executable_path/Frameworks";
				"LD_RUNPATH_SEARCH_PATHS[sdk=macosx*]" = "@executable_path/../Frameworks";
				MACOSX_DEPLOYMENT_TARGET = 13.3;
				MARKETING_VERSION = 1.0;
				PRODUCT_BUNDLE_IDENTIFIER = com.nan.pushCloud;
				PRODUCT_NAME = "$(TARGET_NAME)";
				SDKROOT = auto;
				SUPPORTED_PLATFORMS = "iphoneos iphonesimulator macosx";
				SWIFT_EMIT_LOC_STRINGS = YES;
				SWIFT_VERSION = 5.0;
				TARGETED_DEVICE_FAMILY = "1,2";
			};
			name = Release;
		};
/* End XCBuildConfiguration section */

/* Begin XCConfigurationList section */
		39D1937D2A210A72005A6B55 /* Build configuration list for PBXProject "pushCloud" */ = {
			isa = XCConfigurationList;
			buildConfigurations = (
				39D1938F2A210A73005A6B55 /* Debug */,
				39D193902A210A73005A6B55 /* Release */,
			);
			defaultConfigurationIsVisible = 0;
			defaultConfigurationName = Release;
		};
		39D193912A210A73005A6B55 /* Build configuration list for PBXNativeTarget "pushCloud" */ = {
			isa = XCConfigurationList;
			buildConfigurations = (
				39D193922A210A73005A6B55 /* Debug */,
				39D193932A210A73005A6B55 /* Release */,
			);
			defaultConfigurationIsVisible = 0;
			defaultConfigurationName = Release;
		};
/* End XCConfigurationList section */

/* Begin XCRemoteSwiftPackageReference section */
		39D193972A210D51005A6B55 /* XCRemoteSwiftPackageReference "firebase-ios-sdk" */ = {
			isa = XCRemoteSwiftPackageReference;
			repositoryURL = "https://github.com/firebase/firebase-ios-sdk";
			requirement = {
				kind = upToNextMajorVersion;
				minimumVersion = 10.0.0;
			};
		};
/* End XCRemoteSwiftPackageReference section */

/* Begin XCSwiftPackageProductDependency section */
		39D193982A210D51005A6B55 /* FirebaseAnalytics */ = {
			isa = XCSwiftPackageProductDependency;
			package = 39D193972A210D51005A6B55 /* XCRemoteSwiftPackageReference "firebase-ios-sdk" */;
			productName = FirebaseAnalytics;
		};
		39D1939A2A210D51005A6B55 /* FirebaseAuth */ = {
			isa = XCSwiftPackageProductDependency;
			package = 39D193972A210D51005A6B55 /* XCRemoteSwiftPackageReference "firebase-ios-sdk" */;
			productName = FirebaseAuth;
		};
		39D1939C2A210D51005A6B55 /* FirebaseDatabase */ = {
			isa = XCSwiftPackageProductDependency;
			package = 39D193972A210D51005A6B55 /* XCRemoteSwiftPackageReference "firebase-ios-sdk" */;
			productName = FirebaseDatabase;
		};
		39D1939E2A210D51005A6B55 /* FirebaseFirestore */ = {
			isa = XCSwiftPackageProductDependency;
			package = 39D193972A210D51005A6B55 /* XCRemoteSwiftPackageReference "firebase-ios-sdk" */;
			productName = FirebaseFirestore;
		};
		39D193A02A210D51005A6B55 /* FirebaseFirestoreSwift */ = {
			isa = XCSwiftPackageProductDependency;
			package = 39D193972A210D51005A6B55 /* XCRemoteSwiftPackageReference "firebase-ios-sdk" */;
			productName = FirebaseFirestoreSwift;
		};
		39D193A22A210D51005A6B55 /* FirebaseFunctions */ = {
			isa = XCSwiftPackageProductDependency;
			package = 39D193972A210D51005A6B55 /* XCRemoteSwiftPackageReference "firebase-ios-sdk" */;
			productName = FirebaseFunctions;
		};
		39D193A42A210D51005A6B55 /* FirebaseMessaging */ = {
			isa = XCSwiftPackageProductDependency;
			package = 39D193972A210D51005A6B55 /* XCRemoteSwiftPackageReference "firebase-ios-sdk" */;
			productName = FirebaseMessaging;
		};
/* End XCSwiftPackageProductDependency section */
	};
	rootObject = 39D1937A2A210A72005A6B55 /* Project object */;
}
